// !$*UTF8*$!
{
	archiveVersion = 1;
	classes = {
	};
	objectVersion = 50;
	objects = {

/* Begin PBXBuildFile section */
		CF4587B321C7D7FE00C59E3E /* Emitter.swift in Sources */ = {isa = PBXBuildFile; fileRef = CF4587B221C7D7FE00C59E3E /* Emitter.swift */; };
		CF846D7A21C73BE70040BE67 /* AppDelegate.swift in Sources */ = {isa = PBXBuildFile; fileRef = CF846D7921C73BE70040BE67 /* AppDelegate.swift */; };
		CF846D7C21C73BE70040BE67 /* StartedViewController.swift in Sources */ = {isa = PBXBuildFile; fileRef = CF846D7B21C73BE70040BE67 /* StartedViewController.swift */; };
		CF846D7F21C73BE70040BE67 /* Main.storyboard in Resources */ = {isa = PBXBuildFile; fileRef = CF846D7D21C73BE70040BE67 /* Main.storyboard */; };
		CF846D8121C73BE90040BE67 /* Assets.xcassets in Resources */ = {isa = PBXBuildFile; fileRef = CF846D8021C73BE90040BE67 /* Assets.xcassets */; };
		CF846D8421C73BE90040BE67 /* LaunchScreen.storyboard in Resources */ = {isa = PBXBuildFile; fileRef = CF846D8221C73BE90040BE67 /* LaunchScreen.storyboard */; };
		CF846D8C21C740CF0040BE67 /* LoveLetterViewController.swift in Sources */ = {isa = PBXBuildFile; fileRef = CF846D8B21C740CF0040BE67 /* LoveLetterViewController.swift */; };
		CFDD2BCE21C8A087007FEA41 /* SignUpViewController.swift in Sources */ = {isa = PBXBuildFile; fileRef = CFDD2BCD21C8A087007FEA41 /* SignUpViewController.swift */; };
		CFE0B91A21C77C8600C6F411 /* MainViewController.swift in Sources */ = {isa = PBXBuildFile; fileRef = CFE0B91921C77C8600C6F411 /* MainViewController.swift */; };
		CFE0B91C21C7906400C6F411 /* HistoryViewController.swift in Sources */ = {isa = PBXBuildFile; fileRef = CFE0B91B21C7906400C6F411 /* HistoryViewController.swift */; };
		CFEA638B21C9098700E24DCE /* LoggedInViewController.swift in Sources */ = {isa = PBXBuildFile; fileRef = CFEA638A21C9098700E24DCE /* LoggedInViewController.swift */; };
		CFEA638D21C925CE00E24DCE /* APIFunction.swift in Sources */ = {isa = PBXBuildFile; fileRef = CFEA638C21C925CE00E24DCE /* APIFunction.swift */; };
		CFEA638F21C92CB200E24DCE /* AchievementViewController.swift in Sources */ = {isa = PBXBuildFile; fileRef = CFEA638E21C92CB200E24DCE /* AchievementViewController.swift */; };
		CFEA639121CA13C600E24DCE /* Color.swift in Sources */ = {isa = PBXBuildFile; fileRef = CFEA639021CA13C600E24DCE /* Color.swift */; };
		CFEA639321CA4A9500E24DCE /* StoreViewController.swift in Sources */ = {isa = PBXBuildFile; fileRef = CFEA639221CA4A9500E24DCE /* StoreViewController.swift */; };
/* End PBXBuildFile section */

/* Begin PBXFileReference section */
		CF4587B221C7D7FE00C59E3E /* Emitter.swift */ = {isa = PBXFileReference; lastKnownFileType = sourcecode.swift; path = Emitter.swift; sourceTree = "<group>"; };
		CF846D7621C73BE60040BE67 /* GameChallenge.app */ = {isa = PBXFileReference; explicitFileType = wrapper.application; includeInIndex = 0; path = GameChallenge.app; sourceTree = BUILT_PRODUCTS_DIR; };
		CF846D7921C73BE70040BE67 /* AppDelegate.swift */ = {isa = PBXFileReference; lastKnownFileType = sourcecode.swift; path = AppDelegate.swift; sourceTree = "<group>"; };
		CF846D7B21C73BE70040BE67 /* StartedViewController.swift */ = {isa = PBXFileReference; lastKnownFileType = sourcecode.swift; path = StartedViewController.swift; sourceTree = "<group>"; };
		CF846D7E21C73BE70040BE67 /* Base */ = {isa = PBXFileReference; lastKnownFileType = file.storyboard; name = Base; path = Base.lproj/Main.storyboard; sourceTree = "<group>"; };
		CF846D8021C73BE90040BE67 /* Assets.xcassets */ = {isa = PBXFileReference; lastKnownFileType = folder.assetcatalog; path = Assets.xcassets; sourceTree = "<group>"; };
		CF846D8321C73BE90040BE67 /* Base */ = {isa = PBXFileReference; lastKnownFileType = file.storyboard; name = Base; path = Base.lproj/LaunchScreen.storyboard; sourceTree = "<group>"; };
		CF846D8521C73BE90040BE67 /* Info.plist */ = {isa = PBXFileReference; lastKnownFileType = text.plist.xml; path = Info.plist; sourceTree = "<group>"; };
		CF846D8B21C740CF0040BE67 /* LoveLetterViewController.swift */ = {isa = PBXFileReference; lastKnownFileType = sourcecode.swift; path = LoveLetterViewController.swift; sourceTree = "<group>"; };
		CFDD2BCD21C8A087007FEA41 /* SignUpViewController.swift */ = {isa = PBXFileReference; lastKnownFileType = sourcecode.swift; path = SignUpViewController.swift; sourceTree = "<group>"; };
		CFE0B91921C77C8600C6F411 /* MainViewController.swift */ = {isa = PBXFileReference; lastKnownFileType = sourcecode.swift; path = MainViewController.swift; sourceTree = "<group>"; };
		CFE0B91B21C7906400C6F411 /* HistoryViewController.swift */ = {isa = PBXFileReference; lastKnownFileType = sourcecode.swift; path = HistoryViewController.swift; sourceTree = "<group>"; };
		CFEA638A21C9098700E24DCE /* LoggedInViewController.swift */ = {isa = PBXFileReference; lastKnownFileType = sourcecode.swift; path = LoggedInViewController.swift; sourceTree = "<group>"; };
		CFEA638C21C925CE00E24DCE /* APIFunction.swift */ = {isa = PBXFileReference; lastKnownFileType = sourcecode.swift; path = APIFunction.swift; sourceTree = "<group>"; };
		CFEA638E21C92CB200E24DCE /* AchievementViewController.swift */ = {isa = PBXFileReference; lastKnownFileType = sourcecode.swift; path = AchievementViewController.swift; sourceTree = "<group>"; };
		CFEA639021CA13C600E24DCE /* Color.swift */ = {isa = PBXFileReference; lastKnownFileType = sourcecode.swift; path = Color.swift; sourceTree = "<group>"; };
		CFEA639221CA4A9500E24DCE /* StoreViewController.swift */ = {isa = PBXFileReference; lastKnownFileType = sourcecode.swift; path = StoreViewController.swift; sourceTree = "<group>"; };
/* End PBXFileReference section */

/* Begin PBXFrameworksBuildPhase section */
		CF846D7321C73BE60040BE67 /* Frameworks */ = {
			isa = PBXFrameworksBuildPhase;
			buildActionMask = 2147483647;
			files = (
			);
			runOnlyForDeploymentPostprocessing = 0;
		};
/* End PBXFrameworksBuildPhase section */

/* Begin PBXGroup section */
		CF846D6D21C73BE60040BE67 = {
			isa = PBXGroup;
			children = (
				CF846D7821C73BE60040BE67 /* GameChallenge */,
				CF846D7721C73BE60040BE67 /* Products */,
			);
			sourceTree = "<group>";
		};
		CF846D7721C73BE60040BE67 /* Products */ = {
			isa = PBXGroup;
			children = (
				CF846D7621C73BE60040BE67 /* GameChallenge.app */,
			);
			name = Products;
			sourceTree = "<group>";
		};
		CF846D7821C73BE60040BE67 /* GameChallenge */ = {
			isa = PBXGroup;
			children = (
				CF846D7921C73BE70040BE67 /* AppDelegate.swift */,
				CFE0B91921C77C8600C6F411 /* MainViewController.swift */,
				CF846D7B21C73BE70040BE67 /* StartedViewController.swift */,
				CF846D8B21C740CF0040BE67 /* LoveLetterViewController.swift */,
				CFEA638C21C925CE00E24DCE /* APIFunction.swift */,
				CFEA639021CA13C600E24DCE /* Color.swift */,
				CFE0B91B21C7906400C6F411 /* HistoryViewController.swift */,
				CFEA639221CA4A9500E24DCE /* StoreViewController.swift */,
				CF846D7D21C73BE70040BE67 /* Main.storyboard */,
				CFEA638E21C92CB200E24DCE /* AchievementViewController.swift */,
				CFEA638A21C9098700E24DCE /* LoggedInViewController.swift */,
				CFDD2BCD21C8A087007FEA41 /* SignUpViewController.swift */,
				CF846D8021C73BE90040BE67 /* Assets.xcassets */,
				CF846D8221C73BE90040BE67 /* LaunchScreen.storyboard */,
				CF846D8521C73BE90040BE67 /* Info.plist */,
				CF4587B221C7D7FE00C59E3E /* Emitter.swift */,
			);
			path = GameChallenge;
			sourceTree = "<group>";
		};
/* End PBXGroup section */

/* Begin PBXNativeTarget section */
		CF846D7521C73BE60040BE67 /* GameChallenge */ = {
			isa = PBXNativeTarget;
			buildConfigurationList = CF846D8821C73BE90040BE67 /* Build configuration list for PBXNativeTarget "GameChallenge" */;
			buildPhases = (
				CF846D7221C73BE60040BE67 /* Sources */,
				CF846D7321C73BE60040BE67 /* Frameworks */,
				CF846D7421C73BE60040BE67 /* Resources */,
			);
			buildRules = (
			);
			dependencies = (
			);
			name = GameChallenge;
			productName = GameChallenge;
			productReference = CF846D7621C73BE60040BE67 /* GameChallenge.app */;
			productType = "com.apple.product-type.application";
		};
/* End PBXNativeTarget section */

/* Begin PBXProject section */
		CF846D6E21C73BE60040BE67 /* Project object */ = {
			isa = PBXProject;
			attributes = {
				LastSwiftUpdateCheck = 1010;
				LastUpgradeCheck = 1010;
				ORGANIZATIONNAME = "Sihan Fang";
				TargetAttributes = {
					CF846D7521C73BE60040BE67 = {
						CreatedOnToolsVersion = 10.1;
					};
				};
			};
			buildConfigurationList = CF846D7121C73BE60040BE67 /* Build configuration list for PBXProject "GameChallenge" */;
			compatibilityVersion = "Xcode 9.3";
			developmentRegion = en;
			hasScannedForEncodings = 0;
			knownRegions = (
				en,
				Base,
			);
			mainGroup = CF846D6D21C73BE60040BE67;
			productRefGroup = CF846D7721C73BE60040BE67 /* Products */;
			projectDirPath = "";
			projectRoot = "";
			targets = (
				CF846D7521C73BE60040BE67 /* GameChallenge */,
			);
		};
/* End PBXProject section */

/* Begin PBXResourcesBuildPhase section */
		CF846D7421C73BE60040BE67 /* Resources */ = {
			isa = PBXResourcesBuildPhase;
			buildActionMask = 2147483647;
			files = (
				CF846D8421C73BE90040BE67 /* LaunchScreen.storyboard in Resources */,
				CF846D8121C73BE90040BE67 /* Assets.xcassets in Resources */,
				CF846D7F21C73BE70040BE67 /* Main.storyboard in Resources */,
			);
			runOnlyForDeploymentPostprocessing = 0;
		};
/* End PBXResourcesBuildPhase section */

/* Begin PBXSourcesBuildPhase section */
		CF846D7221C73BE60040BE67 /* Sources */ = {
			isa = PBXSourcesBuildPhase;
			buildActionMask = 2147483647;
			files = (
				CF846D7C21C73BE70040BE67 /* StartedViewController.swift in Sources */,
				CFEA638D21C925CE00E24DCE /* APIFunction.swift in Sources */,
				CFEA639121CA13C600E24DCE /* Color.swift in Sources */,
				CFDD2BCE21C8A087007FEA41 /* SignUpViewController.swift in Sources */,
				CF4587B321C7D7FE00C59E3E /* Emitter.swift in Sources */,
				CFEA638F21C92CB200E24DCE /* AchievementViewController.swift in Sources */,
				CF846D8C21C740CF0040BE67 /* LoveLetterViewController.swift in Sources */,
				CF846D7A21C73BE70040BE67 /* AppDelegate.swift in Sources */,
				CFEA639321CA4A9500E24DCE /* StoreViewController.swift in Sources */,
				CFE0B91C21C7906400C6F411 /* HistoryViewController.swift in Sources */,
				CFE0B91A21C77C8600C6F411 /* MainViewController.swift in Sources */,
				CFEA638B21C9098700E24DCE /* LoggedInViewController.swift in Sources */,
			);
			runOnlyForDeploymentPostprocessing = 0;
		};
/* End PBXSourcesBuildPhase section */

/* Begin PBXVariantGroup section */
		CF846D7D21C73BE70040BE67 /* Main.storyboard */ = {
			isa = PBXVariantGroup;
			children = (
				CF846D7E21C73BE70040BE67 /* Base */,
			);
			name = Main.storyboard;
			sourceTree = "<group>";
		};
		CF846D8221C73BE90040BE67 /* LaunchScreen.storyboard */ = {
			isa = PBXVariantGroup;
			children = (
				CF846D8321C73BE90040BE67 /* Base */,
			);
			name = LaunchScreen.storyboard;
			sourceTree = "<group>";
		};
/* End PBXVariantGroup section */

/* Begin XCBuildConfiguration section */
		CF846D8621C73BE90040BE67 /* Debug */ = {
			isa = XCBuildConfiguration;
			buildSettings = {
				ALWAYS_SEARCH_USER_PATHS = NO;
				CLANG_ANALYZER_NONNULL = YES;
				CLANG_ANALYZER_NUMBER_OBJECT_CONVERSION = YES_AGGRESSIVE;
				CLANG_CXX_LANGUAGE_STANDARD = "gnu++14";
				CLANG_CXX_LIBRARY = "libc++";
				CLANG_ENABLE_MODULES = YES;
				CLANG_ENABLE_OBJC_ARC = YES;
				CLANG_ENABLE_OBJC_WEAK = YES;
				CLANG_WARN_BLOCK_CAPTURE_AUTORELEASING = YES;
				CLANG_WARN_BOOL_CONVERSION = YES;
				CLANG_WARN_COMMA = YES;
				CLANG_WARN_CONSTANT_CONVERSION = YES;
				CLANG_WARN_DEPRECATED_OBJC_IMPLEMENTATIONS = YES;
				CLANG_WARN_DIRECT_OBJC_ISA_USAGE = YES_ERROR;
				CLANG_WARN_DOCUMENTATION_COMMENTS = YES;
				CLANG_WARN_EMPTY_BODY = YES;
				CLANG_WARN_ENUM_CONVERSION = YES;
				CLANG_WARN_INFINITE_RECURSION = YES;
				CLANG_WARN_INT_CONVERSION = YES;
				CLANG_WARN_NON_LITERAL_NULL_CONVERSION = YES;
				CLANG_WARN_OBJC_IMPLICIT_RETAIN_SELF = YES;
				CLANG_WARN_OBJC_LITERAL_CONVERSION = YES;
				CLANG_WARN_OBJC_ROOT_CLASS = YES_ERROR;
				CLANG_WARN_RANGE_LOOP_ANALYSIS = YES;
				CLANG_WARN_STRICT_PROTOTYPES = YES;
				CLANG_WARN_SUSPICIOUS_MOVE = YES;
				CLANG_WARN_UNGUARDED_AVAILABILITY = YES_AGGRESSIVE;
				CLANG_WARN_UNREACHABLE_CODE = YES;
				CLANG_WARN__DUPLICATE_METHOD_MATCH = YES;
				CODE_SIGN_IDENTITY = "iPhone Developer";
				COPY_PHASE_STRIP = NO;
				DEBUG_INFORMATION_FORMAT = dwarf;
				ENABLE_STRICT_OBJC_MSGSEND = YES;
				ENABLE_TESTABILITY = YES;
				GCC_C_LANGUAGE_STANDARD = gnu11;
				GCC_DYNAMIC_NO_PIC = NO;
				GCC_NO_COMMON_BLOCKS = YES;
				GCC_OPTIMIZATION_LEVEL = 0;
				GCC_PREPROCESSOR_DEFINITIONS = (
					"DEBUG=1",
					"$(inherited)",
				);
				GCC_WARN_64_TO_32_BIT_CONVERSION = YES;
				GCC_WARN_ABOUT_RETURN_TYPE = YES_ERROR;
				GCC_WARN_UNDECLARED_SELECTOR = YES;
				GCC_WARN_UNINITIALIZED_AUTOS = YES_AGGRESSIVE;
				GCC_WARN_UNUSED_FUNCTION = YES;
				GCC_WARN_UNUSED_VARIABLE = YES;
				IPHONEOS_DEPLOYMENT_TARGET = 12.1;
				MTL_ENABLE_DEBUG_INFO = INCLUDE_SOURCE;
				MTL_FAST_MATH = YES;
				ONLY_ACTIVE_ARCH = YES;
				SDKROOT = iphoneos;
				SWIFT_ACTIVE_COMPILATION_CONDITIONS = DEBUG;
				SWIFT_OPTIMIZATION_LEVEL = "-Onone";
			};
			name = Debug;
		};
		CF846D8721C73BE90040BE67 /* Release */ = {
			isa = XCBuildConfiguration;
			buildSettings = {
				ALWAYS_SEARCH_USER_PATHS = NO;
				CLANG_ANALYZER_NONNULL = YES;
				CLANG_ANALYZER_NUMBER_OBJECT_CONVERSION = YES_AGGRESSIVE;
				CLANG_CXX_LANGUAGE_STANDARD = "gnu++14";
				CLANG_CXX_LIBRARY = "libc++";
				CLANG_ENABLE_MODULES = YES;
				CLANG_ENABLE_OBJC_ARC = YES;
				CLANG_ENABLE_OBJC_WEAK = YES;
				CLANG_WARN_BLOCK_CAPTURE_AUTORELEASING = YES;
				CLANG_WARN_BOOL_CONVERSION = YES;
				CLANG_WARN_COMMA = YES;
				CLANG_WARN_CONSTANT_CONVERSION = YES;
				CLANG_WARN_DEPRECATED_OBJC_IMPLEMENTATIONS = YES;
				CLANG_WARN_DIRECT_OBJC_ISA_USAGE = YES_ERROR;
				CLANG_WARN_DOCUMENTATION_COMMENTS = YES;
				CLANG_WARN_EMPTY_BODY = YES;
				CLANG_WARN_ENUM_CONVERSION = YES;
				CLANG_WARN_INFINITE_RECURSION = YES;
				CLANG_WARN_INT_CONVERSION = YES;
				CLANG_WARN_NON_LITERAL_NULL_CONVERSION = YES;
				CLANG_WARN_OBJC_IMPLICIT_RETAIN_SELF = YES;
				CLANG_WARN_OBJC_LITERAL_CONVERSION = YES;
				CLANG_WARN_OBJC_ROOT_CLASS = YES_ERROR;
				CLANG_WARN_RANGE_LOOP_ANALYSIS = YES;
				CLANG_WARN_STRICT_PROTOTYPES = YES;
				CLANG_WARN_SUSPICIOUS_MOVE = YES;
				CLANG_WARN_UNGUARDED_AVAILABILITY = YES_AGGRESSIVE;
				CLANG_WARN_UNREACHABLE_CODE = YES;
				CLANG_WARN__DUPLICATE_METHOD_MATCH = YES;
				CODE_SIGN_IDENTITY = "iPhone Developer";
				COPY_PHASE_STRIP = NO;
				DEBUG_INFORMATION_FORMAT = "dwarf-with-dsym";
				ENABLE_NS_ASSERTIONS = NO;
				ENABLE_STRICT_OBJC_MSGSEND = YES;
				GCC_C_LANGUAGE_STANDARD = gnu11;
				GCC_NO_COMMON_BLOCKS = YES;
				GCC_WARN_64_TO_32_BIT_CONVERSION = YES;
				GCC_WARN_ABOUT_RETURN_TYPE = YES_ERROR;
				GCC_WARN_UNDECLARED_SELECTOR = YES;
				GCC_WARN_UNINITIALIZED_AUTOS = YES_AGGRESSIVE;
				GCC_WARN_UNUSED_FUNCTION = YES;
				GCC_WARN_UNUSED_VARIABLE = YES;
				IPHONEOS_DEPLOYMENT_TARGET = 12.1;
				MTL_ENABLE_DEBUG_INFO = NO;
				MTL_FAST_MATH = YES;
				SDKROOT = iphoneos;
				SWIFT_COMPILATION_MODE = wholemodule;
				SWIFT_OPTIMIZATION_LEVEL = "-O";
				VALIDATE_PRODUCT = YES;
			};
			name = Release;
		};
		CF846D8921C73BE90040BE67 /* Debug */ = {
			isa = XCBuildConfiguration;
			buildSettings = {
				ASSETCATALOG_COMPILER_APPICON_NAME = AppIcon;
				CODE_SIGN_STYLE = Automatic;
				DEVELOPMENT_TEAM = M2LHE433S9;
				INFOPLIST_FILE = GameChallenge/Info.plist;
				LD_RUNPATH_SEARCH_PATHS = (
					"$(inherited)",
					"@executable_path/Frameworks",
				);
				PRODUCT_BUNDLE_IDENTIFIER = com.sihanfang.GameChallenge;
				PRODUCT_NAME = "$(TARGET_NAME)";
				SWIFT_VERSION = 4.2;
				TARGETED_DEVICE_FAMILY = "1,2";
			};
			name = Debug;
		};
		CF846D8A21C73BE90040BE67 /* Release */ = {
			isa = XCBuildConfiguration;
			buildSettings = {
				ASSETCATALOG_COMPILER_APPICON_NAME = AppIcon;
				CODE_SIGN_STYLE = Automatic;
				DEVELOPMENT_TEAM = M2LHE433S9;
				INFOPLIST_FILE = GameChallenge/Info.plist;
				LD_RUNPATH_SEARCH_PATHS = (
					"$(inherited)",
					"@executable_path/Frameworks",
				);
				PRODUCT_BUNDLE_IDENTIFIER = com.sihanfang.GameChallenge;
				PRODUCT_NAME = "$(TARGET_NAME)";
				SWIFT_VERSION = 4.2;
				TARGETED_DEVICE_FAMILY = "1,2";
			};
			name = Release;
		};
/* End XCBuildConfiguration section */

/* Begin XCConfigurationList section */
		CF846D7121C73BE60040BE67 /* Build configuration list for PBXProject "GameChallenge" */ = {
			isa = XCConfigurationList;
			buildConfigurations = (
				CF846D8621C73BE90040BE67 /* Debug */,
				CF846D8721C73BE90040BE67 /* Release */,
			);
			defaultConfigurationIsVisible = 0;
			defaultConfigurationName = Release;
		};
		CF846D8821C73BE90040BE67 /* Build configuration list for PBXNativeTarget "GameChallenge" */ = {
			isa = XCConfigurationList;
			buildConfigurations = (
				CF846D8921C73BE90040BE67 /* Debug */,
				CF846D8A21C73BE90040BE67 /* Release */,
			);
			defaultConfigurationIsVisible = 0;
			defaultConfigurationName = Release;
		};
/* End XCConfigurationList section */
	};
	rootObject = CF846D6E21C73BE60040BE67 /* Project object */;
}
